// !$*UTF8*$!
{
	archiveVersion = 1;
	classes = {
	};
	objectVersion = 55;
	objects = {

/* Begin PBXBuildFile section */
		6E348BF42991C34900095C6D /* habitApp.swift in Sources */ = {isa = PBXBuildFile; fileRef = 6E348BF32991C34900095C6D /* habitApp.swift */; };
		6E348BF82991C34A00095C6D /* Assets.xcassets in Resources */ = {isa = PBXBuildFile; fileRef = 6E348BF72991C34A00095C6D /* Assets.xcassets */; };
		6E348BFB2991C34A00095C6D /* Preview Assets.xcassets in Resources */ = {isa = PBXBuildFile; fileRef = 6E348BFA2991C34A00095C6D /* Preview Assets.xcassets */; };
		6E348C052991C34A00095C6D /* habitTests.swift in Sources */ = {isa = PBXBuildFile; fileRef = 6E348C042991C34A00095C6D /* habitTests.swift */; };
		6E348C0F2991C34A00095C6D /* habitUITests.swift in Sources */ = {isa = PBXBuildFile; fileRef = 6E348C0E2991C34A00095C6D /* habitUITests.swift */; };
		6E348C112991C34A00095C6D /* habitUITestsLaunchTests.swift in Sources */ = {isa = PBXBuildFile; fileRef = 6E348C102991C34A00095C6D /* habitUITestsLaunchTests.swift */; };
		6E348C212991C41400095C6D /* SplashView.swift in Sources */ = {isa = PBXBuildFile; fileRef = 6E348C202991C41400095C6D /* SplashView.swift */; };
		6E348C232991C52E00095C6D /* SplashUIState.swift in Sources */ = {isa = PBXBuildFile; fileRef = 6E348C222991C52E00095C6D /* SplashUIState.swift */; };
		6E348C262991D50800095C6D /* SplashViewModel.swift in Sources */ = {isa = PBXBuildFile; fileRef = 6E348C252991D50800095C6D /* SplashViewModel.swift */; };
		6E60378629BCCEBC00127399 /* AppError.swift in Sources */ = {isa = PBXBuildFile; fileRef = 6E60378529BCCEBC00127399 /* AppError.swift */; };
		6E60378929BE6E1A00127399 /* SignUpInterector.swift in Sources */ = {isa = PBXBuildFile; fileRef = 6E60378829BE6E1A00127399 /* SignUpInterector.swift */; };
		6E60378B29BE705E00127399 /* SignUpRemoteDataSource.swift in Sources */ = {isa = PBXBuildFile; fileRef = 6E60378A29BE705E00127399 /* SignUpRemoteDataSource.swift */; };
		6E60378D29BF4AF300127399 /* UserAuth.swift in Sources */ = {isa = PBXBuildFile; fileRef = 6E60378C29BF4AF300127399 /* UserAuth.swift */; };
		6E60378F29BF4BDA00127399 /* LocalDataSource.swift in Sources */ = {isa = PBXBuildFile; fileRef = 6E60378E29BF4BDA00127399 /* LocalDataSource.swift */; };
		6E60379229BF5C8700127399 /* SplashInterector.swift in Sources */ = {isa = PBXBuildFile; fileRef = 6E60379129BF5C8700127399 /* SplashInterector.swift */; };
		6E60379429BF64EA00127399 /* RefreshRequest.swift in Sources */ = {isa = PBXBuildFile; fileRef = 6E60379329BF64EA00127399 /* RefreshRequest.swift */; };
		6E60379629BF689900127399 /* SplashRemoteDataSource.swift in Sources */ = {isa = PBXBuildFile; fileRef = 6E60379529BF689900127399 /* SplashRemoteDataSource.swift */; };
		6E60379829BFA13900127399 /* HomeViewRouter.swift in Sources */ = {isa = PBXBuildFile; fileRef = 6E60379729BFA13900127399 /* HomeViewRouter.swift */; };
		6E60379E29BFA3FF00127399 /* HabitView.swift in Sources */ = {isa = PBXBuildFile; fileRef = 6E60379D29BFA3FF00127399 /* HabitView.swift */; };
		6E6037A029BFA43B00127399 /* HabitViewModel.swift in Sources */ = {isa = PBXBuildFile; fileRef = 6E60379F29BFA43B00127399 /* HabitViewModel.swift */; };
		6E6037A229BFA55600127399 /* HabitUIState.swift in Sources */ = {isa = PBXBuildFile; fileRef = 6E6037A129BFA55600127399 /* HabitUIState.swift */; };
		6E65EF732993B594004FB778 /* SignInView.swift in Sources */ = {isa = PBXBuildFile; fileRef = 6E65EF722993B594004FB778 /* SignInView.swift */; };
		6E65EF752993B5C4004FB778 /* SignInViewModel.swift in Sources */ = {isa = PBXBuildFile; fileRef = 6E65EF742993B5C4004FB778 /* SignInViewModel.swift */; };
		6E65EF772993B935004FB778 /* SplashViewRouter.swift in Sources */ = {isa = PBXBuildFile; fileRef = 6E65EF762993B935004FB778 /* SplashViewRouter.swift */; };
		6E6F90C729BB4EC40090B954 /* SignInInteractor.swift in Sources */ = {isa = PBXBuildFile; fileRef = 6E6F90C629BB4EC40090B954 /* SignInInteractor.swift */; };
		6E6F90C929BB51570090B954 /* SignInRemoteDataSource.swift in Sources */ = {isa = PBXBuildFile; fileRef = 6E6F90C829BB51570090B954 /* SignInRemoteDataSource.swift */; };
		6E706F9A29B36FC300789D0B /* SignInUIState.swift in Sources */ = {isa = PBXBuildFile; fileRef = 6E706F9929B36FC300789D0B /* SignInUIState.swift */; };
		6E706F9C29B37ABB00789D0B /* SignInViewRouter.swift in Sources */ = {isa = PBXBuildFile; fileRef = 6E706F9B29B37ABB00789D0B /* SignInViewRouter.swift */; };
		6E706FA229B37B3600789D0B /* HomeView.swift in Sources */ = {isa = PBXBuildFile; fileRef = 6E706FA129B37B3600789D0B /* HomeView.swift */; };
		6E706FA429B37B7300789D0B /* HomeViewModel.swift in Sources */ = {isa = PBXBuildFile; fileRef = 6E706FA329B37B7300789D0B /* HomeViewModel.swift */; };
		6E706FAB29B42CE500789D0B /* SignUpView.swift in Sources */ = {isa = PBXBuildFile; fileRef = 6E706FAA29B42CE500789D0B /* SignUpView.swift */; };
		6E7B679F29B4CADA00BE3549 /* Gender.swift in Sources */ = {isa = PBXBuildFile; fileRef = 6E7B679E29B4CADA00BE3549 /* Gender.swift */; };
		6E7B67A129B4CF3000BE3549 /* SignUpUIState.swift in Sources */ = {isa = PBXBuildFile; fileRef = 6E7B67A029B4CF3000BE3549 /* SignUpUIState.swift */; };
		6E7B67A329B4CFBF00BE3549 /* SignUpViewModel.swift in Sources */ = {isa = PBXBuildFile; fileRef = 6E7B67A229B4CFBF00BE3549 /* SignUpViewModel.swift */; };
		6E7B67A529B4D05300BE3549 /* SignUpViewRouter.swift in Sources */ = {isa = PBXBuildFile; fileRef = 6E7B67A429B4D05300BE3549 /* SignUpViewRouter.swift */; };
		6E7B67A829B61BF900BE3549 /* EditTextView.swift in Sources */ = {isa = PBXBuildFile; fileRef = 6E7B67A729B61BF900BE3549 /* EditTextView.swift */; };
		6E7B67AB29B6224000BE3549 /* CustomTextFieldStyle.swift in Sources */ = {isa = PBXBuildFile; fileRef = 6E7B67AA29B6224000BE3549 /* CustomTextFieldStyle.swift */; };
		6E9E3C6029BA01AC002D96C0 /* SignUpResponse.swift in Sources */ = {isa = PBXBuildFile; fileRef = 6E9E3C5F29BA01AC002D96C0 /* SignUpResponse.swift */; };
		6E9EB30D29B8CB3D00EB8D0A /* WebService.swift in Sources */ = {isa = PBXBuildFile; fileRef = 6E9EB30C29B8CB3D00EB8D0A /* WebService.swift */; };
		6E9EB30F29B963B400EB8D0A /* SignUpRequest.swift in Sources */ = {isa = PBXBuildFile; fileRef = 6E9EB30E29B963B400EB8D0A /* SignUpRequest.swift */; };
		6E9EBA9929BA1A4D002C9C12 /* ErrorResponse.swift in Sources */ = {isa = PBXBuildFile; fileRef = 6E9EBA9829BA1A4D002C9C12 /* ErrorResponse.swift */; };
		6E9EBA9B29BA4FDA002C9C12 /* SignInRequest.swift in Sources */ = {isa = PBXBuildFile; fileRef = 6E9EBA9A29BA4FDA002C9C12 /* SignInRequest.swift */; };
		6E9EBA9D29BA50CE002C9C12 /* SignInResponse.swift in Sources */ = {isa = PBXBuildFile; fileRef = 6E9EBA9C29BA50CE002C9C12 /* SignInResponse.swift */; };
		6E9EBA9F29BA838F002C9C12 /* SignInErrorResponse.swift in Sources */ = {isa = PBXBuildFile; fileRef = 6E9EBA9E29BA838F002C9C12 /* SignInErrorResponse.swift */; };
		6EB0A3DA29C90FC800E61CC7 /* ProfileViewModel.swift in Sources */ = {isa = PBXBuildFile; fileRef = 6EB0A3D929C90FC800E61CC7 /* ProfileViewModel.swift */; };
		6ECD6DE729C0E0D3009381E3 /* HabitResponse.swift in Sources */ = {isa = PBXBuildFile; fileRef = 6ECD6DE629C0E0D3009381E3 /* HabitResponse.swift */; };
		6ECD6DEA29C0E228009381E3 /* HabitRemoteDataSource.swift in Sources */ = {isa = PBXBuildFile; fileRef = 6ECD6DE929C0E228009381E3 /* HabitRemoteDataSource.swift */; };
		6ECD6DEC29C0E382009381E3 /* HabitInterector.swift in Sources */ = {isa = PBXBuildFile; fileRef = 6ECD6DEB29C0E382009381E3 /* HabitInterector.swift */; };
		6ECD6DEE29C0E8E9009381E3 /* Date+Extension.swift in Sources */ = {isa = PBXBuildFile; fileRef = 6ECD6DED29C0E8E9009381E3 /* Date+Extension.swift */; };
		6ECD6DF529C0EF56009381E3 /* HabitDetailUIState.swift in Sources */ = {isa = PBXBuildFile; fileRef = 6ECD6DF429C0EF56009381E3 /* HabitDetailUIState.swift */; };
		6ECD6DF729C0EFBC009381E3 /* HabitDetailViewModel.swift in Sources */ = {isa = PBXBuildFile; fileRef = 6ECD6DF629C0EFBC009381E3 /* HabitDetailViewModel.swift */; };
		6ECD6DF929C0F136009381E3 /* HabitDetailView.swift in Sources */ = {isa = PBXBuildFile; fileRef = 6ECD6DF829C0F136009381E3 /* HabitDetailView.swift */; };
		6ECD6DFB29C0FCF8009381E3 /* HabitCardViewRouter.swift in Sources */ = {isa = PBXBuildFile; fileRef = 6ECD6DFA29C0FCF8009381E3 /* HabitCardViewRouter.swift */; };
		6ECD6DFD29C1E440009381E3 /* HabitValueRequest.swift in Sources */ = {isa = PBXBuildFile; fileRef = 6ECD6DFC29C1E440009381E3 /* HabitValueRequest.swift */; };
		6ECD6DFF29C1E4B4009381E3 /* HabitDetailRemoteDataSource.swift in Sources */ = {isa = PBXBuildFile; fileRef = 6ECD6DFE29C1E4B4009381E3 /* HabitDetailRemoteDataSource.swift */; };
		6ECD6E0129C1E680009381E3 /* HabitDetailInteractor.swift in Sources */ = {isa = PBXBuildFile; fileRef = 6ECD6E0029C1E680009381E3 /* HabitDetailInteractor.swift */; };
		6ECD6E0329C1F5CB009381E3 /* ImageView.swift in Sources */ = {isa = PBXBuildFile; fileRef = 6ECD6E0229C1F5CB009381E3 /* ImageView.swift */; };
		6ECD6E0A29C20A77009381E3 /* ProfileView.swift in Sources */ = {isa = PBXBuildFile; fileRef = 6ECD6E0929C20A77009381E3 /* ProfileView.swift */; };
		6ECD6E0C29C20F39009381E3 /* GenderSelectorView.swift in Sources */ = {isa = PBXBuildFile; fileRef = 6ECD6E0B29C20F39009381E3 /* GenderSelectorView.swift */; };
		6ED5E50A29B6260E00720666 /* String+Extension.swift in Sources */ = {isa = PBXBuildFile; fileRef = 6ED5E50929B6260E00720666 /* String+Extension.swift */; };
		6ED5E50C29B62B9600720666 /* LoadingButtonView.swift in Sources */ = {isa = PBXBuildFile; fileRef = 6ED5E50B29B62B9600720666 /* LoadingButtonView.swift */; };
		6EF3B40C29C09D890030CEBD /* ButtonStyle.swift in Sources */ = {isa = PBXBuildFile; fileRef = 6EF3B40B29C09D890030CEBD /* ButtonStyle.swift */; };
		6EF3B40E29C0B4210030CEBD /* HabitCardViewModel.swift in Sources */ = {isa = PBXBuildFile; fileRef = 6EF3B40D29C0B4210030CEBD /* HabitCardViewModel.swift */; };
		6EF3B41029C0B6010030CEBD /* HabitCardView.swift in Sources */ = {isa = PBXBuildFile; fileRef = 6EF3B40F29C0B6010030CEBD /* HabitCardView.swift */; };
/* End PBXBuildFile section */

/* Begin PBXContainerItemProxy section */
		6E348C012991C34A00095C6D /* PBXContainerItemProxy */ = {
			isa = PBXContainerItemProxy;
			containerPortal = 6E348BE82991C34900095C6D /* Project object */;
			proxyType = 1;
			remoteGlobalIDString = 6E348BEF2991C34900095C6D;
			remoteInfo = habit;
		};
		6E348C0B2991C34A00095C6D /* PBXContainerItemProxy */ = {
			isa = PBXContainerItemProxy;
			containerPortal = 6E348BE82991C34900095C6D /* Project object */;
			proxyType = 1;
			remoteGlobalIDString = 6E348BEF2991C34900095C6D;
			remoteInfo = habit;
		};
/* End PBXContainerItemProxy section */

/* Begin PBXFileReference section */
		6E348BF02991C34900095C6D /* habit.app */ = {isa = PBXFileReference; explicitFileType = wrapper.application; includeInIndex = 0; path = habit.app; sourceTree = BUILT_PRODUCTS_DIR; };
		6E348BF32991C34900095C6D /* habitApp.swift */ = {isa = PBXFileReference; lastKnownFileType = sourcecode.swift; path = habitApp.swift; sourceTree = "<group>"; };
		6E348BF72991C34A00095C6D /* Assets.xcassets */ = {isa = PBXFileReference; lastKnownFileType = folder.assetcatalog; path = Assets.xcassets; sourceTree = "<group>"; };
		6E348BFA2991C34A00095C6D /* Preview Assets.xcassets */ = {isa = PBXFileReference; lastKnownFileType = folder.assetcatalog; path = "Preview Assets.xcassets"; sourceTree = "<group>"; };
		6E348C002991C34A00095C6D /* habitTests.xctest */ = {isa = PBXFileReference; explicitFileType = wrapper.cfbundle; includeInIndex = 0; path = habitTests.xctest; sourceTree = BUILT_PRODUCTS_DIR; };
		6E348C042991C34A00095C6D /* habitTests.swift */ = {isa = PBXFileReference; lastKnownFileType = sourcecode.swift; path = habitTests.swift; sourceTree = "<group>"; };
		6E348C0A2991C34A00095C6D /* habitUITests.xctest */ = {isa = PBXFileReference; explicitFileType = wrapper.cfbundle; includeInIndex = 0; path = habitUITests.xctest; sourceTree = BUILT_PRODUCTS_DIR; };
		6E348C0E2991C34A00095C6D /* habitUITests.swift */ = {isa = PBXFileReference; lastKnownFileType = sourcecode.swift; path = habitUITests.swift; sourceTree = "<group>"; };
		6E348C102991C34A00095C6D /* habitUITestsLaunchTests.swift */ = {isa = PBXFileReference; lastKnownFileType = sourcecode.swift; path = habitUITestsLaunchTests.swift; sourceTree = "<group>"; };
		6E348C202991C41400095C6D /* SplashView.swift */ = {isa = PBXFileReference; lastKnownFileType = sourcecode.swift; path = SplashView.swift; sourceTree = "<group>"; };
		6E348C222991C52E00095C6D /* SplashUIState.swift */ = {isa = PBXFileReference; lastKnownFileType = sourcecode.swift; path = SplashUIState.swift; sourceTree = "<group>"; };
		6E348C252991D50800095C6D /* SplashViewModel.swift */ = {isa = PBXFileReference; lastKnownFileType = sourcecode.swift; path = SplashViewModel.swift; sourceTree = "<group>"; };
		6E60378529BCCEBC00127399 /* AppError.swift */ = {isa = PBXFileReference; lastKnownFileType = sourcecode.swift; path = AppError.swift; sourceTree = "<group>"; };
		6E60378829BE6E1A00127399 /* SignUpInterector.swift */ = {isa = PBXFileReference; lastKnownFileType = sourcecode.swift; path = SignUpInterector.swift; sourceTree = "<group>"; };
		6E60378A29BE705E00127399 /* SignUpRemoteDataSource.swift */ = {isa = PBXFileReference; lastKnownFileType = sourcecode.swift; path = SignUpRemoteDataSource.swift; sourceTree = "<group>"; };
		6E60378C29BF4AF300127399 /* UserAuth.swift */ = {isa = PBXFileReference; lastKnownFileType = sourcecode.swift; path = UserAuth.swift; sourceTree = "<group>"; };
		6E60378E29BF4BDA00127399 /* LocalDataSource.swift */ = {isa = PBXFileReference; lastKnownFileType = sourcecode.swift; path = LocalDataSource.swift; sourceTree = "<group>"; };
		6E60379129BF5C8700127399 /* SplashInterector.swift */ = {isa = PBXFileReference; lastKnownFileType = sourcecode.swift; path = SplashInterector.swift; sourceTree = "<group>"; };
		6E60379329BF64EA00127399 /* RefreshRequest.swift */ = {isa = PBXFileReference; lastKnownFileType = sourcecode.swift; path = RefreshRequest.swift; sourceTree = "<group>"; };
		6E60379529BF689900127399 /* SplashRemoteDataSource.swift */ = {isa = PBXFileReference; lastKnownFileType = sourcecode.swift; path = SplashRemoteDataSource.swift; sourceTree = "<group>"; };
		6E60379729BFA13900127399 /* HomeViewRouter.swift */ = {isa = PBXFileReference; lastKnownFileType = sourcecode.swift; path = HomeViewRouter.swift; sourceTree = "<group>"; };
		6E60379D29BFA3FF00127399 /* HabitView.swift */ = {isa = PBXFileReference; lastKnownFileType = sourcecode.swift; path = HabitView.swift; sourceTree = "<group>"; };
		6E60379F29BFA43B00127399 /* HabitViewModel.swift */ = {isa = PBXFileReference; lastKnownFileType = sourcecode.swift; path = HabitViewModel.swift; sourceTree = "<group>"; };
		6E6037A129BFA55600127399 /* HabitUIState.swift */ = {isa = PBXFileReference; lastKnownFileType = sourcecode.swift; path = HabitUIState.swift; sourceTree = "<group>"; };
		6E65EF722993B594004FB778 /* SignInView.swift */ = {isa = PBXFileReference; lastKnownFileType = sourcecode.swift; path = SignInView.swift; sourceTree = "<group>"; };
		6E65EF742993B5C4004FB778 /* SignInViewModel.swift */ = {isa = PBXFileReference; lastKnownFileType = sourcecode.swift; path = SignInViewModel.swift; sourceTree = "<group>"; };
		6E65EF762993B935004FB778 /* SplashViewRouter.swift */ = {isa = PBXFileReference; lastKnownFileType = sourcecode.swift; path = SplashViewRouter.swift; sourceTree = "<group>"; };
		6E6F90C629BB4EC40090B954 /* SignInInteractor.swift */ = {isa = PBXFileReference; lastKnownFileType = sourcecode.swift; path = SignInInteractor.swift; sourceTree = "<group>"; };
		6E6F90C829BB51570090B954 /* SignInRemoteDataSource.swift */ = {isa = PBXFileReference; lastKnownFileType = sourcecode.swift; path = SignInRemoteDataSource.swift; sourceTree = "<group>"; };
		6E706F9929B36FC300789D0B /* SignInUIState.swift */ = {isa = PBXFileReference; lastKnownFileType = sourcecode.swift; path = SignInUIState.swift; sourceTree = "<group>"; };
		6E706F9B29B37ABB00789D0B /* SignInViewRouter.swift */ = {isa = PBXFileReference; lastKnownFileType = sourcecode.swift; path = SignInViewRouter.swift; sourceTree = "<group>"; };
		6E706FA129B37B3600789D0B /* HomeView.swift */ = {isa = PBXFileReference; lastKnownFileType = sourcecode.swift; path = HomeView.swift; sourceTree = "<group>"; };
		6E706FA329B37B7300789D0B /* HomeViewModel.swift */ = {isa = PBXFileReference; lastKnownFileType = sourcecode.swift; path = HomeViewModel.swift; sourceTree = "<group>"; };
		6E706FAA29B42CE500789D0B /* SignUpView.swift */ = {isa = PBXFileReference; lastKnownFileType = sourcecode.swift; path = SignUpView.swift; sourceTree = "<group>"; };
		6E7B679E29B4CADA00BE3549 /* Gender.swift */ = {isa = PBXFileReference; lastKnownFileType = sourcecode.swift; path = Gender.swift; sourceTree = "<group>"; };
		6E7B67A029B4CF3000BE3549 /* SignUpUIState.swift */ = {isa = PBXFileReference; lastKnownFileType = sourcecode.swift; path = SignUpUIState.swift; sourceTree = "<group>"; };
		6E7B67A229B4CFBF00BE3549 /* SignUpViewModel.swift */ = {isa = PBXFileReference; lastKnownFileType = sourcecode.swift; path = SignUpViewModel.swift; sourceTree = "<group>"; };
		6E7B67A429B4D05300BE3549 /* SignUpViewRouter.swift */ = {isa = PBXFileReference; lastKnownFileType = sourcecode.swift; path = SignUpViewRouter.swift; sourceTree = "<group>"; };
		6E7B67A729B61BF900BE3549 /* EditTextView.swift */ = {isa = PBXFileReference; lastKnownFileType = sourcecode.swift; path = EditTextView.swift; sourceTree = "<group>"; };
		6E7B67AA29B6224000BE3549 /* CustomTextFieldStyle.swift */ = {isa = PBXFileReference; lastKnownFileType = sourcecode.swift; path = CustomTextFieldStyle.swift; sourceTree = "<group>"; };
		6E9E3C5F29BA01AC002D96C0 /* SignUpResponse.swift */ = {isa = PBXFileReference; lastKnownFileType = sourcecode.swift; path = SignUpResponse.swift; sourceTree = "<group>"; };
		6E9EB30C29B8CB3D00EB8D0A /* WebService.swift */ = {isa = PBXFileReference; lastKnownFileType = sourcecode.swift; path = WebService.swift; sourceTree = "<group>"; };
		6E9EB30E29B963B400EB8D0A /* SignUpRequest.swift */ = {isa = PBXFileReference; lastKnownFileType = sourcecode.swift; path = SignUpRequest.swift; sourceTree = "<group>"; };
		6E9EBA9829BA1A4D002C9C12 /* ErrorResponse.swift */ = {isa = PBXFileReference; lastKnownFileType = sourcecode.swift; path = ErrorResponse.swift; sourceTree = "<group>"; };
		6E9EBA9A29BA4FDA002C9C12 /* SignInRequest.swift */ = {isa = PBXFileReference; lastKnownFileType = sourcecode.swift; path = SignInRequest.swift; sourceTree = "<group>"; };
		6E9EBA9C29BA50CE002C9C12 /* SignInResponse.swift */ = {isa = PBXFileReference; lastKnownFileType = sourcecode.swift; path = SignInResponse.swift; sourceTree = "<group>"; };
		6E9EBA9E29BA838F002C9C12 /* SignInErrorResponse.swift */ = {isa = PBXFileReference; lastKnownFileType = sourcecode.swift; path = SignInErrorResponse.swift; sourceTree = "<group>"; };
		6EB0A3D929C90FC800E61CC7 /* ProfileViewModel.swift */ = {isa = PBXFileReference; lastKnownFileType = sourcecode.swift; path = ProfileViewModel.swift; sourceTree = "<group>"; };
		6ECD6DE629C0E0D3009381E3 /* HabitResponse.swift */ = {isa = PBXFileReference; lastKnownFileType = sourcecode.swift; path = HabitResponse.swift; sourceTree = "<group>"; };
		6ECD6DE929C0E228009381E3 /* HabitRemoteDataSource.swift */ = {isa = PBXFileReference; lastKnownFileType = sourcecode.swift; path = HabitRemoteDataSource.swift; sourceTree = "<group>"; };
		6ECD6DEB29C0E382009381E3 /* HabitInterector.swift */ = {isa = PBXFileReference; lastKnownFileType = sourcecode.swift; path = HabitInterector.swift; sourceTree = "<group>"; };
		6ECD6DED29C0E8E9009381E3 /* Date+Extension.swift */ = {isa = PBXFileReference; lastKnownFileType = sourcecode.swift; path = "Date+Extension.swift"; sourceTree = "<group>"; };
		6ECD6DF429C0EF56009381E3 /* HabitDetailUIState.swift */ = {isa = PBXFileReference; lastKnownFileType = sourcecode.swift; path = HabitDetailUIState.swift; sourceTree = "<group>"; };
		6ECD6DF629C0EFBC009381E3 /* HabitDetailViewModel.swift */ = {isa = PBXFileReference; lastKnownFileType = sourcecode.swift; path = HabitDetailViewModel.swift; sourceTree = "<group>"; };
		6ECD6DF829C0F136009381E3 /* HabitDetailView.swift */ = {isa = PBXFileReference; lastKnownFileType = sourcecode.swift; path = HabitDetailView.swift; sourceTree = "<group>"; };
		6ECD6DFA29C0FCF8009381E3 /* HabitCardViewRouter.swift */ = {isa = PBXFileReference; lastKnownFileType = sourcecode.swift; path = HabitCardViewRouter.swift; sourceTree = "<group>"; };
		6ECD6DFC29C1E440009381E3 /* HabitValueRequest.swift */ = {isa = PBXFileReference; lastKnownFileType = sourcecode.swift; path = HabitValueRequest.swift; sourceTree = "<group>"; };
		6ECD6DFE29C1E4B4009381E3 /* HabitDetailRemoteDataSource.swift */ = {isa = PBXFileReference; lastKnownFileType = sourcecode.swift; path = HabitDetailRemoteDataSource.swift; sourceTree = "<group>"; };
		6ECD6E0029C1E680009381E3 /* HabitDetailInteractor.swift */ = {isa = PBXFileReference; lastKnownFileType = sourcecode.swift; path = HabitDetailInteractor.swift; sourceTree = "<group>"; };
		6ECD6E0229C1F5CB009381E3 /* ImageView.swift */ = {isa = PBXFileReference; lastKnownFileType = sourcecode.swift; path = ImageView.swift; sourceTree = "<group>"; };
		6ECD6E0929C20A77009381E3 /* ProfileView.swift */ = {isa = PBXFileReference; lastKnownFileType = sourcecode.swift; path = ProfileView.swift; sourceTree = "<group>"; };
		6ECD6E0B29C20F39009381E3 /* GenderSelectorView.swift */ = {isa = PBXFileReference; lastKnownFileType = sourcecode.swift; path = GenderSelectorView.swift; sourceTree = "<group>"; };
		6ED5E50929B6260E00720666 /* String+Extension.swift */ = {isa = PBXFileReference; lastKnownFileType = sourcecode.swift; path = "String+Extension.swift"; sourceTree = "<group>"; };
		6ED5E50B29B62B9600720666 /* LoadingButtonView.swift */ = {isa = PBXFileReference; lastKnownFileType = sourcecode.swift; path = LoadingButtonView.swift; sourceTree = "<group>"; };
		6EF3B40B29C09D890030CEBD /* ButtonStyle.swift */ = {isa = PBXFileReference; lastKnownFileType = sourcecode.swift; path = ButtonStyle.swift; sourceTree = "<group>"; };
		6EF3B40D29C0B4210030CEBD /* HabitCardViewModel.swift */ = {isa = PBXFileReference; lastKnownFileType = sourcecode.swift; path = HabitCardViewModel.swift; sourceTree = "<group>"; };
		6EF3B40F29C0B6010030CEBD /* HabitCardView.swift */ = {isa = PBXFileReference; lastKnownFileType = sourcecode.swift; path = HabitCardView.swift; sourceTree = "<group>"; };
/* End PBXFileReference section */

/* Begin PBXFrameworksBuildPhase section */
		6E348BED2991C34900095C6D /* Frameworks */ = {
			isa = PBXFrameworksBuildPhase;
			buildActionMask = 2147483647;
			files = (
			);
			runOnlyForDeploymentPostprocessing = 0;
		};
		6E348BFD2991C34A00095C6D /* Frameworks */ = {
			isa = PBXFrameworksBuildPhase;
			buildActionMask = 2147483647;
			files = (
			);
			runOnlyForDeploymentPostprocessing = 0;
		};
		6E348C072991C34A00095C6D /* Frameworks */ = {
			isa = PBXFrameworksBuildPhase;
			buildActionMask = 2147483647;
			files = (
			);
			runOnlyForDeploymentPostprocessing = 0;
		};
/* End PBXFrameworksBuildPhase section */

/* Begin PBXGroup section */
		6E348BE72991C34900095C6D = {
			isa = PBXGroup;
			children = (
				6E348BF22991C34900095C6D /* habit */,
				6E348C032991C34A00095C6D /* habitTests */,
				6E348C0D2991C34A00095C6D /* habitUITests */,
				6E348BF12991C34900095C6D /* Products */,
			);
			sourceTree = "<group>";
		};
		6E348BF12991C34900095C6D /* Products */ = {
			isa = PBXGroup;
			children = (
				6E348BF02991C34900095C6D /* habit.app */,
				6E348C002991C34A00095C6D /* habitTests.xctest */,
				6E348C0A2991C34A00095C6D /* habitUITests.xctest */,
			);
			name = Products;
			sourceTree = "<group>";
		};
		6E348BF22991C34900095C6D /* habit */ = {
			isa = PBXGroup;
			children = (
				6ECD6E0429C20A3D009381E3 /* Profile */,
				6ECD6DEF29C0EEC4009381E3 /* HabitDetail */,
				6E60379929BFA3CF00127399 /* Habit */,
				6E7B679B29B4CAB300BE3549 /* Common */,
				6E706FA529B42C8800789D0B /* SignUp */,
				6E706F9D29B37B0400789D0B /* Home */,
				6E65EF6E2993B4F7004FB778 /* SignIn */,
				6E348C1D2991C3B400095C6D /* Splash */,
				6E348BF32991C34900095C6D /* habitApp.swift */,
				6E348BF72991C34A00095C6D /* Assets.xcassets */,
				6E348BF92991C34A00095C6D /* Preview Content */,
			);
			path = habit;
			sourceTree = "<group>";
		};
		6E348BF92991C34A00095C6D /* Preview Content */ = {
			isa = PBXGroup;
			children = (
				6E348BFA2991C34A00095C6D /* Preview Assets.xcassets */,
			);
			path = "Preview Content";
			sourceTree = "<group>";
		};
		6E348C032991C34A00095C6D /* habitTests */ = {
			isa = PBXGroup;
			children = (
				6E348C042991C34A00095C6D /* habitTests.swift */,
			);
			path = habitTests;
			sourceTree = "<group>";
		};
		6E348C0D2991C34A00095C6D /* habitUITests */ = {
			isa = PBXGroup;
			children = (
				6E348C0E2991C34A00095C6D /* habitUITests.swift */,
				6E348C102991C34A00095C6D /* habitUITestsLaunchTests.swift */,
			);
			path = habitUITests;
			sourceTree = "<group>";
		};
		6E348C1D2991C3B400095C6D /* Splash */ = {
			isa = PBXGroup;
			children = (
				6E60379029BF5C6C00127399 /* Interactor */,
				6E348C242991D47200095C6D /* ViewModel */,
				6E348C1F2991C3D800095C6D /* Model */,
				6E348C1E2991C3CF00095C6D /* View */,
			);
			path = Splash;
			sourceTree = "<group>";
		};
		6E348C1E2991C3CF00095C6D /* View */ = {
			isa = PBXGroup;
			children = (
				6E348C202991C41400095C6D /* SplashView.swift */,
			);
			path = View;
			sourceTree = "<group>";
		};
		6E348C1F2991C3D800095C6D /* Model */ = {
			isa = PBXGroup;
			children = (
				6E348C222991C52E00095C6D /* SplashUIState.swift */,
				6E60379329BF64EA00127399 /* RefreshRequest.swift */,
			);
			path = Model;
			sourceTree = "<group>";
		};
		6E348C242991D47200095C6D /* ViewModel */ = {
			isa = PBXGroup;
			children = (
				6E348C252991D50800095C6D /* SplashViewModel.swift */,
				6E65EF762993B935004FB778 /* SplashViewRouter.swift */,
			);
			path = ViewModel;
			sourceTree = "<group>";
		};
		6E60378729BE6E0E00127399 /* Interactor */ = {
			isa = PBXGroup;
			children = (
				6E60378829BE6E1A00127399 /* SignUpInterector.swift */,
				6E60378A29BE705E00127399 /* SignUpRemoteDataSource.swift */,
			);
			path = Interactor;
			sourceTree = "<group>";
		};
		6E60379029BF5C6C00127399 /* Interactor */ = {
			isa = PBXGroup;
			children = (
				6E60379129BF5C8700127399 /* SplashInterector.swift */,
				6E60379529BF689900127399 /* SplashRemoteDataSource.swift */,
			);
			path = Interactor;
			sourceTree = "<group>";
		};
		6E60379929BFA3CF00127399 /* Habit */ = {
			isa = PBXGroup;
			children = (
				6ECD6DE829C0E214009381E3 /* Interactor */,
				6E60379C29BFA3DF00127399 /* ViewModel */,
				6E60379B29BFA3D800127399 /* Model */,
				6E60379A29BFA3D400127399 /* View */,
			);
			path = Habit;
			sourceTree = "<group>";
		};
		6E60379A29BFA3D400127399 /* View */ = {
			isa = PBXGroup;
			children = (
				6E60379D29BFA3FF00127399 /* HabitView.swift */,
				6EF3B40F29C0B6010030CEBD /* HabitCardView.swift */,
			);
			path = View;
			sourceTree = "<group>";
		};
		6E60379B29BFA3D800127399 /* Model */ = {
			isa = PBXGroup;
			children = (
				6E6037A129BFA55600127399 /* HabitUIState.swift */,
				6ECD6DE629C0E0D3009381E3 /* HabitResponse.swift */,
			);
			path = Model;
			sourceTree = "<group>";
		};
		6E60379C29BFA3DF00127399 /* ViewModel */ = {
			isa = PBXGroup;
			children = (
				6E60379F29BFA43B00127399 /* HabitViewModel.swift */,
				6EF3B40D29C0B4210030CEBD /* HabitCardViewModel.swift */,
				6ECD6DFA29C0FCF8009381E3 /* HabitCardViewRouter.swift */,
			);
			path = ViewModel;
			sourceTree = "<group>";
		};
		6E65EF6E2993B4F7004FB778 /* SignIn */ = {
			isa = PBXGroup;
			children = (
				6E6F90C529BB4EB10090B954 /* Interactor */,
				6E65EF712993B50F004FB778 /* View */,
				6E65EF702993B50A004FB778 /* Model */,
				6E65EF6F2993B503004FB778 /* ViewModel */,
			);
			path = SignIn;
			sourceTree = "<group>";
		};
		6E65EF6F2993B503004FB778 /* ViewModel */ = {
			isa = PBXGroup;
			children = (
				6E65EF742993B5C4004FB778 /* SignInViewModel.swift */,
				6E706F9B29B37ABB00789D0B /* SignInViewRouter.swift */,
			);
			path = ViewModel;
			sourceTree = "<group>";
		};
		6E65EF702993B50A004FB778 /* Model */ = {
			isa = PBXGroup;
			children = (
				6E706F9929B36FC300789D0B /* SignInUIState.swift */,
				6E9EBA9A29BA4FDA002C9C12 /* SignInRequest.swift */,
				6E9EBA9C29BA50CE002C9C12 /* SignInResponse.swift */,
				6E9EBA9E29BA838F002C9C12 /* SignInErrorResponse.swift */,
			);
			path = Model;
			sourceTree = "<group>";
		};
		6E65EF712993B50F004FB778 /* View */ = {
			isa = PBXGroup;
			children = (
				6E65EF722993B594004FB778 /* SignInView.swift */,
			);
			path = View;
			sourceTree = "<group>";
		};
		6E6F90C529BB4EB10090B954 /* Interactor */ = {
			isa = PBXGroup;
			children = (
				6E6F90C829BB51570090B954 /* SignInRemoteDataSource.swift */,
				6E6F90C629BB4EC40090B954 /* SignInInteractor.swift */,
			);
			path = Interactor;
			sourceTree = "<group>";
		};
		6E706F9D29B37B0400789D0B /* Home */ = {
			isa = PBXGroup;
			children = (
				6E706FA029B37B2100789D0B /* View */,
				6E706F9F29B37B1A00789D0B /* ViewModel */,
				6E706F9E29B37B1200789D0B /* Model */,
			);
			path = Home;
			sourceTree = "<group>";
		};
		6E706F9E29B37B1200789D0B /* Model */ = {
			isa = PBXGroup;
			children = (
			);
			path = Model;
			sourceTree = "<group>";
		};
		6E706F9F29B37B1A00789D0B /* ViewModel */ = {
			isa = PBXGroup;
			children = (
				6E706FA329B37B7300789D0B /* HomeViewModel.swift */,
				6E60379729BFA13900127399 /* HomeViewRouter.swift */,
			);
			path = ViewModel;
			sourceTree = "<group>";
		};
		6E706FA029B37B2100789D0B /* View */ = {
			isa = PBXGroup;
			children = (
				6E706FA129B37B3600789D0B /* HomeView.swift */,
			);
			path = View;
			sourceTree = "<group>";
		};
		6E706FA529B42C8800789D0B /* SignUp */ = {
			isa = PBXGroup;
			children = (
				6E60378729BE6E0E00127399 /* Interactor */,
				6E706FA929B42CBD00789D0B /* ViewModel */,
				6E706FA829B42CB500789D0B /* View */,
				6E706FA729B42CAA00789D0B /* Model */,
			);
			path = SignUp;
			sourceTree = "<group>";
		};
		6E706FA729B42CAA00789D0B /* Model */ = {
			isa = PBXGroup;
			children = (
				6E7B67A029B4CF3000BE3549 /* SignUpUIState.swift */,
				6E9EB30E29B963B400EB8D0A /* SignUpRequest.swift */,
				6E9E3C5F29BA01AC002D96C0 /* SignUpResponse.swift */,
			);
			path = Model;
			sourceTree = "<group>";
		};
		6E706FA829B42CB500789D0B /* View */ = {
			isa = PBXGroup;
			children = (
				6E706FAA29B42CE500789D0B /* SignUpView.swift */,
			);
			path = View;
			sourceTree = "<group>";
		};
		6E706FA929B42CBD00789D0B /* ViewModel */ = {
			isa = PBXGroup;
			children = (
				6E7B67A429B4D05300BE3549 /* SignUpViewRouter.swift */,
				6E7B67A229B4CFBF00BE3549 /* SignUpViewModel.swift */,
			);
			path = ViewModel;
			sourceTree = "<group>";
		};
		6E7B679B29B4CAB300BE3549 /* Common */ = {
			isa = PBXGroup;
			children = (
				6E9EB30B29B8CB2200EB8D0A /* Network */,
				6ED5E50829B625DA00720666 /* Lang */,
				6E7B67A629B61BE300BE3549 /* View */,
				6E7B679C29B4CAC400BE3549 /* Model */,
			);
			path = Common;
			sourceTree = "<group>";
		};
		6E7B679C29B4CAC400BE3549 /* Model */ = {
			isa = PBXGroup;
			children = (
				6E7B679E29B4CADA00BE3549 /* Gender.swift */,
				6E9EBA9829BA1A4D002C9C12 /* ErrorResponse.swift */,
				6E60378529BCCEBC00127399 /* AppError.swift */,
				6E60378C29BF4AF300127399 /* UserAuth.swift */,
			);
			path = Model;
			sourceTree = "<group>";
		};
		6E7B67A629B61BE300BE3549 /* View */ = {
			isa = PBXGroup;
			children = (
				6EF3B40A29C09D6B0030CEBD /* Modifier */,
				6E7B67A929B6222B00BE3549 /* Style */,
				6E7B67A729B61BF900BE3549 /* EditTextView.swift */,
				6ED5E50B29B62B9600720666 /* LoadingButtonView.swift */,
				6ECD6E0229C1F5CB009381E3 /* ImageView.swift */,
			);
			path = View;
			sourceTree = "<group>";
		};
		6E7B67A929B6222B00BE3549 /* Style */ = {
			isa = PBXGroup;
			children = (
				6E7B67AA29B6224000BE3549 /* CustomTextFieldStyle.swift */,
			);
			path = Style;
			sourceTree = "<group>";
		};
		6E9EB30B29B8CB2200EB8D0A /* Network */ = {
			isa = PBXGroup;
			children = (
				6E9EB30C29B8CB3D00EB8D0A /* WebService.swift */,
				6E60378E29BF4BDA00127399 /* LocalDataSource.swift */,
			);
			path = Network;
			sourceTree = "<group>";
		};
		6ECD6DE829C0E214009381E3 /* Interactor */ = {
			isa = PBXGroup;
			children = (
				6ECD6DE929C0E228009381E3 /* HabitRemoteDataSource.swift */,
				6ECD6DEB29C0E382009381E3 /* HabitInterector.swift */,
			);
			path = Interactor;
			sourceTree = "<group>";
		};
		6ECD6DEF29C0EEC4009381E3 /* HabitDetail */ = {
			isa = PBXGroup;
			children = (
				6ECD6DF329C0EEE6009381E3 /* Interactor */,
				6ECD6DF229C0EEDD009381E3 /* ViewModel */,
				6ECD6DF129C0EED8009381E3 /* Model */,
				6ECD6DF029C0EED2009381E3 /* View */,
			);
			path = HabitDetail;
			sourceTree = "<group>";
		};
		6ECD6DF029C0EED2009381E3 /* View */ = {
			isa = PBXGroup;
			children = (
				6ECD6DF829C0F136009381E3 /* HabitDetailView.swift */,
			);
			path = View;
			sourceTree = "<group>";
		};
		6ECD6DF129C0EED8009381E3 /* Model */ = {
			isa = PBXGroup;
			children = (
				6ECD6DF429C0EF56009381E3 /* HabitDetailUIState.swift */,
				6ECD6DFC29C1E440009381E3 /* HabitValueRequest.swift */,
			);
			path = Model;
			sourceTree = "<group>";
		};
		6ECD6DF229C0EEDD009381E3 /* ViewModel */ = {
			isa = PBXGroup;
			children = (
				6ECD6DF629C0EFBC009381E3 /* HabitDetailViewModel.swift */,
			);
			path = ViewModel;
			sourceTree = "<group>";
		};
		6ECD6DF329C0EEE6009381E3 /* Interactor */ = {
			isa = PBXGroup;
			children = (
				6ECD6DFE29C1E4B4009381E3 /* HabitDetailRemoteDataSource.swift */,
				6ECD6E0029C1E680009381E3 /* HabitDetailInteractor.swift */,
			);
			path = Interactor;
			sourceTree = "<group>";
		};
		6ECD6E0429C20A3D009381E3 /* Profile */ = {
			isa = PBXGroup;
			children = (
				6ECD6E0829C20A59009381E3 /* Interactor */,
				6ECD6E0729C20A51009381E3 /* ViewModel */,
				6ECD6E0629C20A4C009381E3 /* Model */,
				6ECD6E0529C20A44009381E3 /* View */,
			);
			path = Profile;
			sourceTree = "<group>";
		};
		6ECD6E0529C20A44009381E3 /* View */ = {
			isa = PBXGroup;
			children = (
				6ECD6E0929C20A77009381E3 /* ProfileView.swift */,
				6ECD6E0B29C20F39009381E3 /* GenderSelectorView.swift */,
			);
			path = View;
			sourceTree = "<group>";
		};
		6ECD6E0629C20A4C009381E3 /* Model */ = {
			isa = PBXGroup;
			children = (
			);
			path = Model;
			sourceTree = "<group>";
		};
		6ECD6E0729C20A51009381E3 /* ViewModel */ = {
			isa = PBXGroup;
			children = (
				6EB0A3D929C90FC800E61CC7 /* ProfileViewModel.swift */,
			);
			path = ViewModel;
			sourceTree = "<group>";
		};
		6ECD6E0829C20A59009381E3 /* Interactor */ = {
			isa = PBXGroup;
			children = (
			);
			path = Interactor;
			sourceTree = "<group>";
		};
		6ED5E50829B625DA00720666 /* Lang */ = {
			isa = PBXGroup;
			children = (
				6ED5E50929B6260E00720666 /* String+Extension.swift */,
				6ECD6DED29C0E8E9009381E3 /* Date+Extension.swift */,
			);
			path = Lang;
			sourceTree = "<group>";
		};
		6EF3B40A29C09D6B0030CEBD /* Modifier */ = {
			isa = PBXGroup;
			children = (
				6EF3B40B29C09D890030CEBD /* ButtonStyle.swift */,
			);
			path = Modifier;
			sourceTree = "<group>";
		};
/* End PBXGroup section */

/* Begin PBXNativeTarget section */
		6E348BEF2991C34900095C6D /* habit */ = {
			isa = PBXNativeTarget;
			buildConfigurationList = 6E348C142991C34A00095C6D /* Build configuration list for PBXNativeTarget "habit" */;
			buildPhases = (
				6E348BEC2991C34900095C6D /* Sources */,
				6E348BED2991C34900095C6D /* Frameworks */,
				6E348BEE2991C34900095C6D /* Resources */,
			);
			buildRules = (
			);
			dependencies = (
			);
			name = habit;
			productName = habit;
			productReference = 6E348BF02991C34900095C6D /* habit.app */;
			productType = "com.apple.product-type.application";
		};
		6E348BFF2991C34A00095C6D /* habitTests */ = {
			isa = PBXNativeTarget;
			buildConfigurationList = 6E348C172991C34A00095C6D /* Build configuration list for PBXNativeTarget "habitTests" */;
			buildPhases = (
				6E348BFC2991C34A00095C6D /* Sources */,
				6E348BFD2991C34A00095C6D /* Frameworks */,
				6E348BFE2991C34A00095C6D /* Resources */,
			);
			buildRules = (
			);
			dependencies = (
				6E348C022991C34A00095C6D /* PBXTargetDependency */,
			);
			name = habitTests;
			productName = habitTests;
			productReference = 6E348C002991C34A00095C6D /* habitTests.xctest */;
			productType = "com.apple.product-type.bundle.unit-test";
		};
		6E348C092991C34A00095C6D /* habitUITests */ = {
			isa = PBXNativeTarget;
			buildConfigurationList = 6E348C1A2991C34A00095C6D /* Build configuration list for PBXNativeTarget "habitUITests" */;
			buildPhases = (
				6E348C062991C34A00095C6D /* Sources */,
				6E348C072991C34A00095C6D /* Frameworks */,
				6E348C082991C34A00095C6D /* Resources */,
			);
			buildRules = (
			);
			dependencies = (
				6E348C0C2991C34A00095C6D /* PBXTargetDependency */,
			);
			name = habitUITests;
			productName = habitUITests;
			productReference = 6E348C0A2991C34A00095C6D /* habitUITests.xctest */;
			productType = "com.apple.product-type.bundle.ui-testing";
		};
/* End PBXNativeTarget section */

/* Begin PBXProject section */
		6E348BE82991C34900095C6D /* Project object */ = {
			isa = PBXProject;
			attributes = {
				BuildIndependentTargetsInParallel = 1;
				LastSwiftUpdateCheck = 1330;
				LastUpgradeCheck = 1330;
				TargetAttributes = {
					6E348BEF2991C34900095C6D = {
						CreatedOnToolsVersion = 13.3.1;
					};
					6E348BFF2991C34A00095C6D = {
						CreatedOnToolsVersion = 13.3.1;
						TestTargetID = 6E348BEF2991C34900095C6D;
					};
					6E348C092991C34A00095C6D = {
						CreatedOnToolsVersion = 13.3.1;
						TestTargetID = 6E348BEF2991C34900095C6D;
					};
				};
			};
			buildConfigurationList = 6E348BEB2991C34900095C6D /* Build configuration list for PBXProject "habit" */;
			compatibilityVersion = "Xcode 13.0";
			developmentRegion = en;
			hasScannedForEncodings = 0;
			knownRegions = (
				en,
				Base,
			);
			mainGroup = 6E348BE72991C34900095C6D;
			productRefGroup = 6E348BF12991C34900095C6D /* Products */;
			projectDirPath = "";
			projectRoot = "";
			targets = (
				6E348BEF2991C34900095C6D /* habit */,
				6E348BFF2991C34A00095C6D /* habitTests */,
				6E348C092991C34A00095C6D /* habitUITests */,
			);
		};
/* End PBXProject section */

/* Begin PBXResourcesBuildPhase section */
		6E348BEE2991C34900095C6D /* Resources */ = {
			isa = PBXResourcesBuildPhase;
			buildActionMask = 2147483647;
			files = (
				6E348BFB2991C34A00095C6D /* Preview Assets.xcassets in Resources */,
				6E348BF82991C34A00095C6D /* Assets.xcassets in Resources */,
			);
			runOnlyForDeploymentPostprocessing = 0;
		};
		6E348BFE2991C34A00095C6D /* Resources */ = {
			isa = PBXResourcesBuildPhase;
			buildActionMask = 2147483647;
			files = (
			);
			runOnlyForDeploymentPostprocessing = 0;
		};
		6E348C082991C34A00095C6D /* Resources */ = {
			isa = PBXResourcesBuildPhase;
			buildActionMask = 2147483647;
			files = (
			);
			runOnlyForDeploymentPostprocessing = 0;
		};
/* End PBXResourcesBuildPhase section */

/* Begin PBXSourcesBuildPhase section */
		6E348BEC2991C34900095C6D /* Sources */ = {
			isa = PBXSourcesBuildPhase;
			buildActionMask = 2147483647;
			files = (
				6E9E3C6029BA01AC002D96C0 /* SignUpResponse.swift in Sources */,
				6E6037A229BFA55600127399 /* HabitUIState.swift in Sources */,
				6E348C232991C52E00095C6D /* SplashUIState.swift in Sources */,
				6E60378629BCCEBC00127399 /* AppError.swift in Sources */,
				6E60379629BF689900127399 /* SplashRemoteDataSource.swift in Sources */,
				6ECD6DF929C0F136009381E3 /* HabitDetailView.swift in Sources */,
				6ECD6DFB29C0FCF8009381E3 /* HabitCardViewRouter.swift in Sources */,
				6ECD6DEE29C0E8E9009381E3 /* Date+Extension.swift in Sources */,
				6E706FA429B37B7300789D0B /* HomeViewModel.swift in Sources */,
				6E60378B29BE705E00127399 /* SignUpRemoteDataSource.swift in Sources */,
				6ECD6DF729C0EFBC009381E3 /* HabitDetailViewModel.swift in Sources */,
				6E6F90C929BB51570090B954 /* SignInRemoteDataSource.swift in Sources */,
				6E348BF42991C34900095C6D /* habitApp.swift in Sources */,
				6ECD6E0129C1E680009381E3 /* HabitDetailInteractor.swift in Sources */,
				6EB0A3DA29C90FC800E61CC7 /* ProfileViewModel.swift in Sources */,
				6ED5E50C29B62B9600720666 /* LoadingButtonView.swift in Sources */,
				6E60378F29BF4BDA00127399 /* LocalDataSource.swift in Sources */,
				6ECD6E0A29C20A77009381E3 /* ProfileView.swift in Sources */,
				6E9EBA9F29BA838F002C9C12 /* SignInErrorResponse.swift in Sources */,
				6E60378D29BF4AF300127399 /* UserAuth.swift in Sources */,
				6ED5E50A29B6260E00720666 /* String+Extension.swift in Sources */,
				6E9EBA9B29BA4FDA002C9C12 /* SignInRequest.swift in Sources */,
				6E7B67A529B4D05300BE3549 /* SignUpViewRouter.swift in Sources */,
				6E65EF752993B5C4004FB778 /* SignInViewModel.swift in Sources */,
				6E60379229BF5C8700127399 /* SplashInterector.swift in Sources */,
				6E706FAB29B42CE500789D0B /* SignUpView.swift in Sources */,
				6E706FA229B37B3600789D0B /* HomeView.swift in Sources */,
				6E6F90C729BB4EC40090B954 /* SignInInteractor.swift in Sources */,
				6E9EB30D29B8CB3D00EB8D0A /* WebService.swift in Sources */,
				6E706F9C29B37ABB00789D0B /* SignInViewRouter.swift in Sources */,
				6ECD6DFD29C1E440009381E3 /* HabitValueRequest.swift in Sources */,
				6ECD6DEC29C0E382009381E3 /* HabitInterector.swift in Sources */,
				6EF3B41029C0B6010030CEBD /* HabitCardView.swift in Sources */,
				6E7B67A329B4CFBF00BE3549 /* SignUpViewModel.swift in Sources */,
				6E7B67A129B4CF3000BE3549 /* SignUpUIState.swift in Sources */,
				6E348C212991C41400095C6D /* SplashView.swift in Sources */,
				6ECD6DF529C0EF56009381E3 /* HabitDetailUIState.swift in Sources */,
				6ECD6DEA29C0E228009381E3 /* HabitRemoteDataSource.swift in Sources */,
				6E9EBA9929BA1A4D002C9C12 /* ErrorResponse.swift in Sources */,
				6EF3B40C29C09D890030CEBD /* ButtonStyle.swift in Sources */,
				6E7B679F29B4CADA00BE3549 /* Gender.swift in Sources */,
				6E6037A029BFA43B00127399 /* HabitViewModel.swift in Sources */,
				6ECD6E0329C1F5CB009381E3 /* ImageView.swift in Sources */,
				6E60379E29BFA3FF00127399 /* HabitView.swift in Sources */,
				6E348C262991D50800095C6D /* SplashViewModel.swift in Sources */,
				6E60379429BF64EA00127399 /* RefreshRequest.swift in Sources */,
				6E706F9A29B36FC300789D0B /* SignInUIState.swift in Sources */,
				6E7B67AB29B6224000BE3549 /* CustomTextFieldStyle.swift in Sources */,
				6E7B67A829B61BF900BE3549 /* EditTextView.swift in Sources */,
				6E60379829BFA13900127399 /* HomeViewRouter.swift in Sources */,
				6ECD6DFF29C1E4B4009381E3 /* HabitDetailRemoteDataSource.swift in Sources */,
				6E9EB30F29B963B400EB8D0A /* SignUpRequest.swift in Sources */,
				6EF3B40E29C0B4210030CEBD /* HabitCardViewModel.swift in Sources */,
				6ECD6E0C29C20F39009381E3 /* GenderSelectorView.swift in Sources */,
				6ECD6DE729C0E0D3009381E3 /* HabitResponse.swift in Sources */,
				6E65EF772993B935004FB778 /* SplashViewRouter.swift in Sources */,
				6E9EBA9D29BA50CE002C9C12 /* SignInResponse.swift in Sources */,
				6E65EF732993B594004FB778 /* SignInView.swift in Sources */,
				6E60378929BE6E1A00127399 /* SignUpInterector.swift in Sources */,
			);
			runOnlyForDeploymentPostprocessing = 0;
		};
		6E348BFC2991C34A00095C6D /* Sources */ = {
			isa = PBXSourcesBuildPhase;
			buildActionMask = 2147483647;
			files = (
				6E348C052991C34A00095C6D /* habitTests.swift in Sources */,
			);
			runOnlyForDeploymentPostprocessing = 0;
		};
		6E348C062991C34A00095C6D /* Sources */ = {
			isa = PBXSourcesBuildPhase;
			buildActionMask = 2147483647;
			files = (
				6E348C0F2991C34A00095C6D /* habitUITests.swift in Sources */,
				6E348C112991C34A00095C6D /* habitUITestsLaunchTests.swift in Sources */,
			);
			runOnlyForDeploymentPostprocessing = 0;
		};
/* End PBXSourcesBuildPhase section */

/* Begin PBXTargetDependency section */
		6E348C022991C34A00095C6D /* PBXTargetDependency */ = {
			isa = PBXTargetDependency;
			target = 6E348BEF2991C34900095C6D /* habit */;
			targetProxy = 6E348C012991C34A00095C6D /* PBXContainerItemProxy */;
		};
		6E348C0C2991C34A00095C6D /* PBXTargetDependency */ = {
			isa = PBXTargetDependency;
			target = 6E348BEF2991C34900095C6D /* habit */;
			targetProxy = 6E348C0B2991C34A00095C6D /* PBXContainerItemProxy */;
		};
/* End PBXTargetDependency section */

/* Begin XCBuildConfiguration section */
		6E348C122991C34A00095C6D /* Debug */ = {
			isa = XCBuildConfiguration;
			buildSettings = {
				ALWAYS_SEARCH_USER_PATHS = NO;
				CLANG_ANALYZER_NONNULL = YES;
				CLANG_ANALYZER_NUMBER_OBJECT_CONVERSION = YES_AGGRESSIVE;
				CLANG_CXX_LANGUAGE_STANDARD = "gnu++17";
				CLANG_ENABLE_MODULES = YES;
				CLANG_ENABLE_OBJC_ARC = YES;
				CLANG_ENABLE_OBJC_WEAK = YES;
				CLANG_WARN_BLOCK_CAPTURE_AUTORELEASING = YES;
				CLANG_WARN_BOOL_CONVERSION = YES;
				CLANG_WARN_COMMA = YES;
				CLANG_WARN_CONSTANT_CONVERSION = YES;
				CLANG_WARN_DEPRECATED_OBJC_IMPLEMENTATIONS = YES;
				CLANG_WARN_DIRECT_OBJC_ISA_USAGE = YES_ERROR;
				CLANG_WARN_DOCUMENTATION_COMMENTS = YES;
				CLANG_WARN_EMPTY_BODY = YES;
				CLANG_WARN_ENUM_CONVERSION = YES;
				CLANG_WARN_INFINITE_RECURSION = YES;
				CLANG_WARN_INT_CONVERSION = YES;
				CLANG_WARN_NON_LITERAL_NULL_CONVERSION = YES;
				CLANG_WARN_OBJC_IMPLICIT_RETAIN_SELF = YES;
				CLANG_WARN_OBJC_LITERAL_CONVERSION = YES;
				CLANG_WARN_OBJC_ROOT_CLASS = YES_ERROR;
				CLANG_WARN_QUOTED_INCLUDE_IN_FRAMEWORK_HEADER = YES;
				CLANG_WARN_RANGE_LOOP_ANALYSIS = YES;
				CLANG_WARN_STRICT_PROTOTYPES = YES;
				CLANG_WARN_SUSPICIOUS_MOVE = YES;
				CLANG_WARN_UNGUARDED_AVAILABILITY = YES_AGGRESSIVE;
				CLANG_WARN_UNREACHABLE_CODE = YES;
				CLANG_WARN__DUPLICATE_METHOD_MATCH = YES;
				COPY_PHASE_STRIP = NO;
				DEBUG_INFORMATION_FORMAT = dwarf;
				ENABLE_STRICT_OBJC_MSGSEND = YES;
				ENABLE_TESTABILITY = YES;
				GCC_C_LANGUAGE_STANDARD = gnu11;
				GCC_DYNAMIC_NO_PIC = NO;
				GCC_NO_COMMON_BLOCKS = YES;
				GCC_OPTIMIZATION_LEVEL = 0;
				GCC_PREPROCESSOR_DEFINITIONS = (
					"DEBUG=1",
					"$(inherited)",
				);
				GCC_WARN_64_TO_32_BIT_CONVERSION = YES;
				GCC_WARN_ABOUT_RETURN_TYPE = YES_ERROR;
				GCC_WARN_UNDECLARED_SELECTOR = YES;
				GCC_WARN_UNINITIALIZED_AUTOS = YES_AGGRESSIVE;
				GCC_WARN_UNUSED_FUNCTION = YES;
				GCC_WARN_UNUSED_VARIABLE = YES;
				IPHONEOS_DEPLOYMENT_TARGET = 15.4;
				MTL_ENABLE_DEBUG_INFO = INCLUDE_SOURCE;
				MTL_FAST_MATH = YES;
				ONLY_ACTIVE_ARCH = YES;
				SDKROOT = iphoneos;
				SWIFT_ACTIVE_COMPILATION_CONDITIONS = DEBUG;
				SWIFT_OPTIMIZATION_LEVEL = "-Onone";
			};
			name = Debug;
		};
		6E348C132991C34A00095C6D /* Release */ = {
			isa = XCBuildConfiguration;
			buildSettings = {
				ALWAYS_SEARCH_USER_PATHS = NO;
				CLANG_ANALYZER_NONNULL = YES;
				CLANG_ANALYZER_NUMBER_OBJECT_CONVERSION = YES_AGGRESSIVE;
				CLANG_CXX_LANGUAGE_STANDARD = "gnu++17";
				CLANG_ENABLE_MODULES = YES;
				CLANG_ENABLE_OBJC_ARC = YES;
				CLANG_ENABLE_OBJC_WEAK = YES;
				CLANG_WARN_BLOCK_CAPTURE_AUTORELEASING = YES;
				CLANG_WARN_BOOL_CONVERSION = YES;
				CLANG_WARN_COMMA = YES;
				CLANG_WARN_CONSTANT_CONVERSION = YES;
				CLANG_WARN_DEPRECATED_OBJC_IMPLEMENTATIONS = YES;
				CLANG_WARN_DIRECT_OBJC_ISA_USAGE = YES_ERROR;
				CLANG_WARN_DOCUMENTATION_COMMENTS = YES;
				CLANG_WARN_EMPTY_BODY = YES;
				CLANG_WARN_ENUM_CONVERSION = YES;
				CLANG_WARN_INFINITE_RECURSION = YES;
				CLANG_WARN_INT_CONVERSION = YES;
				CLANG_WARN_NON_LITERAL_NULL_CONVERSION = YES;
				CLANG_WARN_OBJC_IMPLICIT_RETAIN_SELF = YES;
				CLANG_WARN_OBJC_LITERAL_CONVERSION = YES;
				CLANG_WARN_OBJC_ROOT_CLASS = YES_ERROR;
				CLANG_WARN_QUOTED_INCLUDE_IN_FRAMEWORK_HEADER = YES;
				CLANG_WARN_RANGE_LOOP_ANALYSIS = YES;
				CLANG_WARN_STRICT_PROTOTYPES = YES;
				CLANG_WARN_SUSPICIOUS_MOVE = YES;
				CLANG_WARN_UNGUARDED_AVAILABILITY = YES_AGGRESSIVE;
				CLANG_WARN_UNREACHABLE_CODE = YES;
				CLANG_WARN__DUPLICATE_METHOD_MATCH = YES;
				COPY_PHASE_STRIP = NO;
				DEBUG_INFORMATION_FORMAT = "dwarf-with-dsym";
				ENABLE_NS_ASSERTIONS = NO;
				ENABLE_STRICT_OBJC_MSGSEND = YES;
				GCC_C_LANGUAGE_STANDARD = gnu11;
				GCC_NO_COMMON_BLOCKS = YES;
				GCC_WARN_64_TO_32_BIT_CONVERSION = YES;
				GCC_WARN_ABOUT_RETURN_TYPE = YES_ERROR;
				GCC_WARN_UNDECLARED_SELECTOR = YES;
				GCC_WARN_UNINITIALIZED_AUTOS = YES_AGGRESSIVE;
				GCC_WARN_UNUSED_FUNCTION = YES;
				GCC_WARN_UNUSED_VARIABLE = YES;
				IPHONEOS_DEPLOYMENT_TARGET = 15.4;
				MTL_ENABLE_DEBUG_INFO = NO;
				MTL_FAST_MATH = YES;
				SDKROOT = iphoneos;
				SWIFT_COMPILATION_MODE = wholemodule;
				SWIFT_OPTIMIZATION_LEVEL = "-O";
				VALIDATE_PRODUCT = YES;
			};
			name = Release;
		};
		6E348C152991C34A00095C6D /* Debug */ = {
			isa = XCBuildConfiguration;
			buildSettings = {
				ASSETCATALOG_COMPILER_APPICON_NAME = AppIcon;
				ASSETCATALOG_COMPILER_GLOBAL_ACCENT_COLOR_NAME = AccentColor;
				CODE_SIGN_STYLE = Automatic;
				CURRENT_PROJECT_VERSION = 1;
				DEVELOPMENT_ASSET_PATHS = "\"habit/Preview Content\"";
				ENABLE_PREVIEWS = YES;
				GENERATE_INFOPLIST_FILE = YES;
				INFOPLIST_KEY_UIApplicationSceneManifest_Generation = YES;
				INFOPLIST_KEY_UIApplicationSupportsIndirectInputEvents = YES;
				INFOPLIST_KEY_UILaunchScreen_Generation = YES;
				INFOPLIST_KEY_UISupportedInterfaceOrientations_iPad = "UIInterfaceOrientationPortrait UIInterfaceOrientationPortraitUpsideDown UIInterfaceOrientationLandscapeLeft UIInterfaceOrientationLandscapeRight";
				INFOPLIST_KEY_UISupportedInterfaceOrientations_iPhone = "UIInterfaceOrientationPortrait UIInterfaceOrientationLandscapeLeft UIInterfaceOrientationLandscapeRight";
				LD_RUNPATH_SEARCH_PATHS = (
					"$(inherited)",
					"@executable_path/Frameworks",
				);
				MARKETING_VERSION = 1.0;
				PRODUCT_BUNDLE_IDENTIFIER = br.com.badbit.habit;
				PRODUCT_NAME = "$(TARGET_NAME)";
				SWIFT_EMIT_LOC_STRINGS = YES;
				SWIFT_VERSION = 5.0;
				TARGETED_DEVICE_FAMILY = "1,2";
			};
			name = Debug;
		};
		6E348C162991C34A00095C6D /* Release */ = {
			isa = XCBuildConfiguration;
			buildSettings = {
				ASSETCATALOG_COMPILER_APPICON_NAME = AppIcon;
				ASSETCATALOG_COMPILER_GLOBAL_ACCENT_COLOR_NAME = AccentColor;
				CODE_SIGN_STYLE = Automatic;
				CURRENT_PROJECT_VERSION = 1;
				DEVELOPMENT_ASSET_PATHS = "\"habit/Preview Content\"";
				ENABLE_PREVIEWS = YES;
				GENERATE_INFOPLIST_FILE = YES;
				INFOPLIST_KEY_UIApplicationSceneManifest_Generation = YES;
				INFOPLIST_KEY_UIApplicationSupportsIndirectInputEvents = YES;
				INFOPLIST_KEY_UILaunchScreen_Generation = YES;
				INFOPLIST_KEY_UISupportedInterfaceOrientations_iPad = "UIInterfaceOrientationPortrait UIInterfaceOrientationPortraitUpsideDown UIInterfaceOrientationLandscapeLeft UIInterfaceOrientationLandscapeRight";
				INFOPLIST_KEY_UISupportedInterfaceOrientations_iPhone = "UIInterfaceOrientationPortrait UIInterfaceOrientationLandscapeLeft UIInterfaceOrientationLandscapeRight";
				LD_RUNPATH_SEARCH_PATHS = (
					"$(inherited)",
					"@executable_path/Frameworks",
				);
				MARKETING_VERSION = 1.0;
				PRODUCT_BUNDLE_IDENTIFIER = br.com.badbit.habit;
				PRODUCT_NAME = "$(TARGET_NAME)";
				SWIFT_EMIT_LOC_STRINGS = YES;
				SWIFT_VERSION = 5.0;
				TARGETED_DEVICE_FAMILY = "1,2";
			};
			name = Release;
		};
		6E348C182991C34A00095C6D /* Debug */ = {
			isa = XCBuildConfiguration;
			buildSettings = {
				ALWAYS_EMBED_SWIFT_STANDARD_LIBRARIES = YES;
				BUNDLE_LOADER = "$(TEST_HOST)";
				CODE_SIGN_STYLE = Automatic;
				CURRENT_PROJECT_VERSION = 1;
				GENERATE_INFOPLIST_FILE = YES;
				IPHONEOS_DEPLOYMENT_TARGET = 15.4;
				MARKETING_VERSION = 1.0;
				PRODUCT_BUNDLE_IDENTIFIER = br.com.badbit.habitTests;
				PRODUCT_NAME = "$(TARGET_NAME)";
				SWIFT_EMIT_LOC_STRINGS = NO;
				SWIFT_VERSION = 5.0;
				TARGETED_DEVICE_FAMILY = "1,2";
				TEST_HOST = "$(BUILT_PRODUCTS_DIR)/habit.app/habit";
			};
			name = Debug;
		};
		6E348C192991C34A00095C6D /* Release */ = {
			isa = XCBuildConfiguration;
			buildSettings = {
				ALWAYS_EMBED_SWIFT_STANDARD_LIBRARIES = YES;
				BUNDLE_LOADER = "$(TEST_HOST)";
				CODE_SIGN_STYLE = Automatic;
				CURRENT_PROJECT_VERSION = 1;
				GENERATE_INFOPLIST_FILE = YES;
				IPHONEOS_DEPLOYMENT_TARGET = 15.4;
				MARKETING_VERSION = 1.0;
				PRODUCT_BUNDLE_IDENTIFIER = br.com.badbit.habitTests;
				PRODUCT_NAME = "$(TARGET_NAME)";
				SWIFT_EMIT_LOC_STRINGS = NO;
				SWIFT_VERSION = 5.0;
				TARGETED_DEVICE_FAMILY = "1,2";
				TEST_HOST = "$(BUILT_PRODUCTS_DIR)/habit.app/habit";
			};
			name = Release;
		};
		6E348C1B2991C34A00095C6D /* Debug */ = {
			isa = XCBuildConfiguration;
			buildSettings = {
				ALWAYS_EMBED_SWIFT_STANDARD_LIBRARIES = YES;
				CODE_SIGN_STYLE = Automatic;
				CURRENT_PROJECT_VERSION = 1;
				GENERATE_INFOPLIST_FILE = YES;
				MARKETING_VERSION = 1.0;
				PRODUCT_BUNDLE_IDENTIFIER = br.com.badbit.habitUITests;
				PRODUCT_NAME = "$(TARGET_NAME)";
				SWIFT_EMIT_LOC_STRINGS = NO;
				SWIFT_VERSION = 5.0;
				TARGETED_DEVICE_FAMILY = "1,2";
				TEST_TARGET_NAME = habit;
			};
			name = Debug;
		};
		6E348C1C2991C34A00095C6D /* Release */ = {
			isa = XCBuildConfiguration;
			buildSettings = {
				ALWAYS_EMBED_SWIFT_STANDARD_LIBRARIES = YES;
				CODE_SIGN_STYLE = Automatic;
				CURRENT_PROJECT_VERSION = 1;
				GENERATE_INFOPLIST_FILE = YES;
				MARKETING_VERSION = 1.0;
				PRODUCT_BUNDLE_IDENTIFIER = br.com.badbit.habitUITests;
				PRODUCT_NAME = "$(TARGET_NAME)";
				SWIFT_EMIT_LOC_STRINGS = NO;
				SWIFT_VERSION = 5.0;
				TARGETED_DEVICE_FAMILY = "1,2";
				TEST_TARGET_NAME = habit;
			};
			name = Release;
		};
/* End XCBuildConfiguration section */

/* Begin XCConfigurationList section */
		6E348BEB2991C34900095C6D /* Build configuration list for PBXProject "habit" */ = {
			isa = XCConfigurationList;
			buildConfigurations = (
				6E348C122991C34A00095C6D /* Debug */,
				6E348C132991C34A00095C6D /* Release */,
			);
			defaultConfigurationIsVisible = 0;
			defaultConfigurationName = Release;
		};
		6E348C142991C34A00095C6D /* Build configuration list for PBXNativeTarget "habit" */ = {
			isa = XCConfigurationList;
			buildConfigurations = (
				6E348C152991C34A00095C6D /* Debug */,
				6E348C162991C34A00095C6D /* Release */,
			);
			defaultConfigurationIsVisible = 0;
			defaultConfigurationName = Release;
		};
		6E348C172991C34A00095C6D /* Build configuration list for PBXNativeTarget "habitTests" */ = {
			isa = XCConfigurationList;
			buildConfigurations = (
				6E348C182991C34A00095C6D /* Debug */,
				6E348C192991C34A00095C6D /* Release */,
			);
			defaultConfigurationIsVisible = 0;
			defaultConfigurationName = Release;
		};
		6E348C1A2991C34A00095C6D /* Build configuration list for PBXNativeTarget "habitUITests" */ = {
			isa = XCConfigurationList;
			buildConfigurations = (
				6E348C1B2991C34A00095C6D /* Debug */,
				6E348C1C2991C34A00095C6D /* Release */,
			);
			defaultConfigurationIsVisible = 0;
			defaultConfigurationName = Release;
		};
/* End XCConfigurationList section */
	};
	rootObject = 6E348BE82991C34900095C6D /* Project object */;
}
